
Microsoft Visual Studio Solution File, Format Version 12.00
# Visual Studio Version 16
VisualStudioVersion = 16.0.30717.126
MinimumVisualStudioVersion = 10.0.40219.1
Project("{FAE04EC0-301F-11D3-BF4B-00C04F79EFBC}") = "SDC", "SDC\SDC.csproj", "{A90C08E0-A2BC-44E6-8F4E-B3B63C2ED2BF}"
EndProject
Global
	GlobalSection(SolutionConfigurationPlatforms) = preSolution
		Debug|Any CPU = Debug|Any CPU
		Release|Any CPU = Release|Any CPU
	EndGlobalSection
	GlobalSection(ProjectConfigurationPlatforms) = postSolution
		{A90C08E0-A2BC-44E6-8F4E-B3B63C2ED2BF}.Debug|Any CPU.ActiveCfg = Debug|Any CPU
		{A90C08E0-A2BC-44E6-8F4E-B3B63C2ED2BF}.Debug|Any CPU.Build.0 = Debug|Any CPU
		{A90C08E0-A2BC-44E6-8F4E-B3B63C2ED2BF}.Release|Any CPU.ActiveCfg = Release|Any CPU
		{A90C08E0-A2BC-44E6-8F4E-B3B63C2ED2BF}.Release|Any CPU.Build.0 = Release|Any CPU
	EndGlobalSection
	GlobalSection(SolutionProperties) = preSolution
		HideSolutionNode = FALSE
	EndGlobalSection
	GlobalSection(ExtensibilityGlobals) = postSolution
		SolutionGuid = {1A12FE73-039A-419F-BABA-2C24658383A5}
	EndGlobalSection
EndGlobal
