
Microsoft Visual Studio Solution File, Format Version 12.00
# Visual Studio Version 17
VisualStudioVersion = 17.0.31903.59
MinimumVisualStudioVersion = 10.0.40219.1
Project("{FAE04EC0-301F-11D3-BF4B-00C04F79EFBC}") = "WebAPI", "WebAPI\WebAPI.csproj", "{2DE9BE48-F4B0-4E9C-9DCF-121E2F41F28C}"
EndProject
Global
	GlobalSection(SolutionConfigurationPlatforms) = preSolution
		Debug|Any CPU = Debug|Any CPU
		Release|Any CPU = Release|Any CPU
	EndGlobalSection
	GlobalSection(ProjectConfigurationPlatforms) = postSolution
		{2DE9BE48-F4B0-4E9C-9DCF-121E2F41F28C}.Debug|Any CPU.ActiveCfg = Debug|Any CPU
		{2DE9BE48-F4B0-4E9C-9DCF-121E2F41F28C}.Debug|Any CPU.Build.0 = Debug|Any CPU
		{2DE9BE48-F4B0-4E9C-9DCF-121E2F41F28C}.Release|Any CPU.ActiveCfg = Release|Any CPU
		{2DE9BE48-F4B0-4E9C-9DCF-121E2F41F28C}.Release|Any CPU.Build.0 = Release|Any CPU
	EndGlobalSection
	GlobalSection(SolutionProperties) = preSolution
		HideSolutionNode = FALSE
	EndGlobalSection
	GlobalSection(ExtensibilityGlobals) = postSolution
		SolutionGuid = {DCAC4010-EA8C-4E44-9B71-065EFA881EF7}
	EndGlobalSection
EndGlobal
